
Microsoft Visual Studio Solution File, Format Version 12.00
# Visual Studio Version 16
VisualStudioVersion = 16.0.28729.10
MinimumVisualStudioVersion = 10.0.40219.1
Project("{8BC9CEB8-8B4A-11D0-8D11-00A0C91BC942}") = "JDMFCLibrary", "JDMFCLibrary\JDMFCLibrary.vcxproj", "{D7A93589-B456-43EF-9C10-E68BF433C68F}"
EndProject
Project("{8BC9CEB8-8B4A-11D0-8D11-00A0C91BC942}") = "GridCtrlDll", "JDGridCtrl\GridCtrlDll\GridCtrlDll.vcxproj", "{8C3A1B23-55F5-4B5F-985F-073F2E1C1745}"
EndProject
Project("{8BC9CEB8-8B4A-11D0-8D11-00A0C91BC942}") = "TesterForMFCUtilitiesDLL", "TesterForMFCUtilitiesDLL\TesterForMFCUtilitiesDLL.vcxproj", "{6A917F18-D6CA-4573-A61B-6FFF3CC197B0}"
EndProject
Project("{8BC9CEB8-8B4A-11D0-8D11-00A0C91BC942}") = "TestLeaksMFC", "TestLeaksMFC\TestLeaksMFC.vcxproj", "{302763DB-CEF6-4A4D-BBA1-B1632BB06FFC}"
EndProject
Project("{8BC9CEB8-8B4A-11D0-8D11-00A0C91BC942}") = "TypeErasure", "TypeErasure\TypeErasure.vcxproj", "{83D24ED9-BF77-4503-BAB0-9216215C672D}"
EndProject
Project("{8BC9CEB8-8B4A-11D0-8D11-00A0C91BC942}") = "TestCFormView", "TestCFormView\TestCFormView.vcxproj", "{EDFC61F4-65B4-4654-BC0B-2971DD6EA3AB}"
EndProject
Project("{8BC9CEB8-8B4A-11D0-8D11-00A0C91BC942}") = "ExpenseManagerSQLite", "ExpenseManagerSQLite\ExpenseManagerSQLite.vcxproj", "{4BA062B0-225F-4ACF-BB2F-3FE2C439023A}"
EndProject
Project("{8BC9CEB8-8B4A-11D0-8D11-00A0C91BC942}") = "boost-multiprecision", "boost-multiprecision\boost-multiprecision.vcxproj", "{8BD05784-FAAC-4563-8A1B-839F86485A3B}"
EndProject
Global
	GlobalSection(SolutionConfigurationPlatforms) = preSolution
		Debug|x64 = Debug|x64
		Debug|x86 = Debug|x86
		Release Unicode|x64 = Release Unicode|x64
		Release Unicode|x86 = Release Unicode|x86
		Release|x64 = Release|x64
		Release|x86 = Release|x86
	EndGlobalSection
	GlobalSection(ProjectConfigurationPlatforms) = postSolution
		{D7A93589-B456-43EF-9C10-E68BF433C68F}.Debug|x64.ActiveCfg = Debug|x64
		{D7A93589-B456-43EF-9C10-E68BF433C68F}.Debug|x64.Build.0 = Debug|x64
		{D7A93589-B456-43EF-9C10-E68BF433C68F}.Debug|x86.ActiveCfg = Debug|Win32
		{D7A93589-B456-43EF-9C10-E68BF433C68F}.Debug|x86.Build.0 = Debug|Win32
		{D7A93589-B456-43EF-9C10-E68BF433C68F}.Release Unicode|x64.ActiveCfg = Release|x64
		{D7A93589-B456-43EF-9C10-E68BF433C68F}.Release Unicode|x64.Build.0 = Release|x64
		{D7A93589-B456-43EF-9C10-E68BF433C68F}.Release Unicode|x86.ActiveCfg = Release|Win32
		{D7A93589-B456-43EF-9C10-E68BF433C68F}.Release Unicode|x86.Build.0 = Release|Win32
		{D7A93589-B456-43EF-9C10-E68BF433C68F}.Release|x64.ActiveCfg = Release|x64
		{D7A93589-B456-43EF-9C10-E68BF433C68F}.Release|x64.Build.0 = Release|x64
		{D7A93589-B456-43EF-9C10-E68BF433C68F}.Release|x86.ActiveCfg = Release|Win32
		{D7A93589-B456-43EF-9C10-E68BF433C68F}.Release|x86.Build.0 = Release|Win32
		{8C3A1B23-55F5-4B5F-985F-073F2E1C1745}.Debug|x64.ActiveCfg = Debug|x64
		{8C3A1B23-55F5-4B5F-985F-073F2E1C1745}.Debug|x64.Build.0 = Debug|x64
		{8C3A1B23-55F5-4B5F-985F-073F2E1C1745}.Debug|x86.ActiveCfg = Debug|Win32
		{8C3A1B23-55F5-4B5F-985F-073F2E1C1745}.Debug|x86.Build.0 = Debug|Win32
		{8C3A1B23-55F5-4B5F-985F-073F2E1C1745}.Release Unicode|x64.ActiveCfg = Release Unicode|x64
		{8C3A1B23-55F5-4B5F-985F-073F2E1C1745}.Release Unicode|x64.Build.0 = Release Unicode|x64
		{8C3A1B23-55F5-4B5F-985F-073F2E1C1745}.Release Unicode|x86.ActiveCfg = Release Unicode|Win32
		{8C3A1B23-55F5-4B5F-985F-073F2E1C1745}.Release Unicode|x86.Build.0 = Release Unicode|Win32
		{8C3A1B23-55F5-4B5F-985F-073F2E1C1745}.Release|x64.ActiveCfg = Release|x64
		{8C3A1B23-55F5-4B5F-985F-073F2E1C1745}.Release|x64.Build.0 = Release|x64
		{8C3A1B23-55F5-4B5F-985F-073F2E1C1745}.Release|x86.ActiveCfg = Release|Win32
		{8C3A1B23-55F5-4B5F-985F-073F2E1C1745}.Release|x86.Build.0 = Release|Win32
		{6A917F18-D6CA-4573-A61B-6FFF3CC197B0}.Debug|x64.ActiveCfg = Debug|x64
		{6A917F18-D6CA-4573-A61B-6FFF3CC197B0}.Debug|x64.Build.0 = Debug|x64
		{6A917F18-D6CA-4573-A61B-6FFF3CC197B0}.Debug|x86.ActiveCfg = Debug|Win32
		{6A917F18-D6CA-4573-A61B-6FFF3CC197B0}.Debug|x86.Build.0 = Debug|Win32
		{6A917F18-D6CA-4573-A61B-6FFF3CC197B0}.Release Unicode|x64.ActiveCfg = Release|x64
		{6A917F18-D6CA-4573-A61B-6FFF3CC197B0}.Release Unicode|x64.Build.0 = Release|x64
		{6A917F18-D6CA-4573-A61B-6FFF3CC197B0}.Release Unicode|x86.ActiveCfg = Release|Win32
		{6A917F18-D6CA-4573-A61B-6FFF3CC197B0}.Release Unicode|x86.Build.0 = Release|Win32
		{6A917F18-D6CA-4573-A61B-6FFF3CC197B0}.Release|x64.ActiveCfg = Release|x64
		{6A917F18-D6CA-4573-A61B-6FFF3CC197B0}.Release|x64.Build.0 = Release|x64
		{6A917F18-D6CA-4573-A61B-6FFF3CC197B0}.Release|x86.ActiveCfg = Release|Win32
		{6A917F18-D6CA-4573-A61B-6FFF3CC197B0}.Release|x86.Build.0 = Release|Win32
		{302763DB-CEF6-4A4D-BBA1-B1632BB06FFC}.Debug|x64.ActiveCfg = Debug|x64
		{302763DB-CEF6-4A4D-BBA1-B1632BB06FFC}.Debug|x64.Build.0 = Debug|x64
		{302763DB-CEF6-4A4D-BBA1-B1632BB06FFC}.Debug|x86.ActiveCfg = Debug|Win32
		{302763DB-CEF6-4A4D-BBA1-B1632BB06FFC}.Debug|x86.Build.0 = Debug|Win32
		{302763DB-CEF6-4A4D-BBA1-B1632BB06FFC}.Release Unicode|x64.ActiveCfg = Release|x64
		{302763DB-CEF6-4A4D-BBA1-B1632BB06FFC}.Release Unicode|x64.Build.0 = Release|x64
		{302763DB-CEF6-4A4D-BBA1-B1632BB06FFC}.Release Unicode|x86.ActiveCfg = Release|Win32
		{302763DB-CEF6-4A4D-BBA1-B1632BB06FFC}.Release Unicode|x86.Build.0 = Release|Win32
		{302763DB-CEF6-4A4D-BBA1-B1632BB06FFC}.Release|x64.ActiveCfg = Release|x64
		{302763DB-CEF6-4A4D-BBA1-B1632BB06FFC}.Release|x64.Build.0 = Release|x64
		{302763DB-CEF6-4A4D-BBA1-B1632BB06FFC}.Release|x86.ActiveCfg = Release|Win32
		{302763DB-CEF6-4A4D-BBA1-B1632BB06FFC}.Release|x86.Build.0 = Release|Win32
		{83D24ED9-BF77-4503-BAB0-9216215C672D}.Debug|x64.ActiveCfg = Debug|x64
		{83D24ED9-BF77-4503-BAB0-9216215C672D}.Debug|x64.Build.0 = Debug|x64
		{83D24ED9-BF77-4503-BAB0-9216215C672D}.Debug|x86.ActiveCfg = Debug|Win32
		{83D24ED9-BF77-4503-BAB0-9216215C672D}.Debug|x86.Build.0 = Debug|Win32
		{83D24ED9-BF77-4503-BAB0-9216215C672D}.Release Unicode|x64.ActiveCfg = Release|x64
		{83D24ED9-BF77-4503-BAB0-9216215C672D}.Release Unicode|x64.Build.0 = Release|x64
		{83D24ED9-BF77-4503-BAB0-9216215C672D}.Release Unicode|x86.ActiveCfg = Release|Win32
		{83D24ED9-BF77-4503-BAB0-9216215C672D}.Release Unicode|x86.Build.0 = Release|Win32
		{83D24ED9-BF77-4503-BAB0-9216215C672D}.Release|x64.ActiveCfg = Release|x64
		{83D24ED9-BF77-4503-BAB0-9216215C672D}.Release|x64.Build.0 = Release|x64
		{83D24ED9-BF77-4503-BAB0-9216215C672D}.Release|x86.ActiveCfg = Release|Win32
		{83D24ED9-BF77-4503-BAB0-9216215C672D}.Release|x86.Build.0 = Release|Win32
		{EDFC61F4-65B4-4654-BC0B-2971DD6EA3AB}.Debug|x64.ActiveCfg = Debug|x64
		{EDFC61F4-65B4-4654-BC0B-2971DD6EA3AB}.Debug|x64.Build.0 = Debug|x64
		{EDFC61F4-65B4-4654-BC0B-2971DD6EA3AB}.Debug|x86.ActiveCfg = Debug|Win32
		{EDFC61F4-65B4-4654-BC0B-2971DD6EA3AB}.Debug|x86.Build.0 = Debug|Win32
		{EDFC61F4-65B4-4654-BC0B-2971DD6EA3AB}.Release Unicode|x64.ActiveCfg = Release|x64
		{EDFC61F4-65B4-4654-BC0B-2971DD6EA3AB}.Release Unicode|x64.Build.0 = Release|x64
		{EDFC61F4-65B4-4654-BC0B-2971DD6EA3AB}.Release Unicode|x86.ActiveCfg = Release|Win32
		{EDFC61F4-65B4-4654-BC0B-2971DD6EA3AB}.Release Unicode|x86.Build.0 = Release|Win32
		{EDFC61F4-65B4-4654-BC0B-2971DD6EA3AB}.Release|x64.ActiveCfg = Release|x64
		{EDFC61F4-65B4-4654-BC0B-2971DD6EA3AB}.Release|x64.Build.0 = Release|x64
		{EDFC61F4-65B4-4654-BC0B-2971DD6EA3AB}.Release|x86.ActiveCfg = Release|Win32
		{EDFC61F4-65B4-4654-BC0B-2971DD6EA3AB}.Release|x86.Build.0 = Release|Win32
		{4BA062B0-225F-4ACF-BB2F-3FE2C439023A}.Debug|x64.ActiveCfg = Debug|x64
		{4BA062B0-225F-4ACF-BB2F-3FE2C439023A}.Debug|x64.Build.0 = Debug|x64
		{4BA062B0-225F-4ACF-BB2F-3FE2C439023A}.Debug|x86.ActiveCfg = Debug|Win32
		{4BA062B0-225F-4ACF-BB2F-3FE2C439023A}.Debug|x86.Build.0 = Debug|Win32
		{4BA062B0-225F-4ACF-BB2F-3FE2C439023A}.Release Unicode|x64.ActiveCfg = Release|x64
		{4BA062B0-225F-4ACF-BB2F-3FE2C439023A}.Release Unicode|x64.Build.0 = Release|x64
		{4BA062B0-225F-4ACF-BB2F-3FE2C439023A}.Release Unicode|x86.ActiveCfg = Release|Win32
		{4BA062B0-225F-4ACF-BB2F-3FE2C439023A}.Release Unicode|x86.Build.0 = Release|Win32
		{4BA062B0-225F-4ACF-BB2F-3FE2C439023A}.Release|x64.ActiveCfg = Release|x64
		{4BA062B0-225F-4ACF-BB2F-3FE2C439023A}.Release|x64.Build.0 = Release|x64
		{4BA062B0-225F-4ACF-BB2F-3FE2C439023A}.Release|x86.ActiveCfg = Release|Win32
		{4BA062B0-225F-4ACF-BB2F-3FE2C439023A}.Release|x86.Build.0 = Release|Win32
		{8BD05784-FAAC-4563-8A1B-839F86485A3B}.Debug|x64.ActiveCfg = Debug|x64
		{8BD05784-FAAC-4563-8A1B-839F86485A3B}.Debug|x64.Build.0 = Debug|x64
		{8BD05784-FAAC-4563-8A1B-839F86485A3B}.Debug|x86.ActiveCfg = Debug|Win32
		{8BD05784-FAAC-4563-8A1B-839F86485A3B}.Debug|x86.Build.0 = Debug|Win32
		{8BD05784-FAAC-4563-8A1B-839F86485A3B}.Release Unicode|x64.ActiveCfg = Release|x64
		{8BD05784-FAAC-4563-8A1B-839F86485A3B}.Release Unicode|x64.Build.0 = Release|x64
		{8BD05784-FAAC-4563-8A1B-839F86485A3B}.Release Unicode|x86.ActiveCfg = Release|Win32
		{8BD05784-FAAC-4563-8A1B-839F86485A3B}.Release Unicode|x86.Build.0 = Release|Win32
		{8BD05784-FAAC-4563-8A1B-839F86485A3B}.Release|x64.ActiveCfg = Release|x64
		{8BD05784-FAAC-4563-8A1B-839F86485A3B}.Release|x64.Build.0 = Release|x64
		{8BD05784-FAAC-4563-8A1B-839F86485A3B}.Release|x86.ActiveCfg = Release|Win32
		{8BD05784-FAAC-4563-8A1B-839F86485A3B}.Release|x86.Build.0 = Release|Win32
	EndGlobalSection
	GlobalSection(SolutionProperties) = preSolution
		HideSolutionNode = FALSE
	EndGlobalSection
	GlobalSection(ExtensibilityGlobals) = postSolution
		SolutionGuid = {F3A01B64-C5C5-47CF-817E-79F750784F0C}
	EndGlobalSection
EndGlobal
