<?xml version="1.0" encoding="utf-8"?>
<Project ToolsVersion="4.0" xmlns="http://schemas.microsoft.com/developer/msbuild/2003">
  <ItemGroup>
    <Filter Include="Source Files">
      <UniqueIdentifier>{4FC737F1-C7A5-4376-A066-2A32D752A2FF}</UniqueIdentifier>
      <Extensions>cpp;c;cc;cxx;def;odl;idl;hpj;bat;asm;asmx</Extensions>
    </Filter>
    <Filter Include="Header Files">
      <UniqueIdentifier>{93995380-89BD-4b04-88EB-625FBE52EBFB}</UniqueIdentifier>
      <Extensions>h;hh;hpp;hxx;hm;inl;inc;ipp;xsd</Extensions>
    </Filter>
    <Filter Include="Resource Files">
      <UniqueIdentifier>{67DA6AB6-F800-4c08-8B7A-83BB121AAD01}</UniqueIdentifier>
      <Extensions>rc;ico;cur;bmp;dlg;rc2;rct;bin;rgs;gif;jpg;jpeg;jpe;resx;tiff;tif;png;wav;mfcribbon-ms</Extensions>
    </Filter>
    <Filter Include="Model">
      <UniqueIdentifier>{e61f03e2-838a-4f44-923d-a4883ba64fbf}</UniqueIdentifier>
    </Filter>
    <Filter Include="Controllers">
      <UniqueIdentifier>{38bb335e-81ed-4948-afdf-dceb56f8ca58}</UniqueIdentifier>
    </Filter>
    <Filter Include="ORM Infrastructure">
      <UniqueIdentifier>{61014a99-5d6e-46d5-912d-a9230759597a}</UniqueIdentifier>
    </Filter>
    <Filter Include="Repositories">
      <UniqueIdentifier>{ec3a5782-f568-44ad-9885-27348560d834}</UniqueIdentifier>
    </Filter>
  </ItemGroup>
  <ItemGroup>
    <ClInclude Include="TesterForMFCUtilitiesDLL.h">
      <Filter>Header Files</Filter>
    </ClInclude>
    <ClInclude Include="stdafx.h">
      <Filter>Header Files</Filter>
    </ClInclude>
    <ClInclude Include="targetver.h">
      <Filter>Header Files</Filter>
    </ClInclude>
    <ClInclude Include="MainFrm.h">
      <Filter>Header Files</Filter>
    </ClInclude>
    <ClInclude Include="ChildFrm.h">
      <Filter>Header Files</Filter>
    </ClInclude>
    <ClInclude Include="TesterForMFCUtilitiesDLLDoc.h">
      <Filter>Header Files</Filter>
    </ClInclude>
    <ClInclude Include="TesterForMFCUtilitiesDLLView.h">
      <Filter>Header Files</Filter>
    </ClInclude>
    <ClInclude Include="Resource.h">
      <Filter>Header Files</Filter>
    </ClInclude>
    <ClInclude Include="FileView.h">
      <Filter>Header Files</Filter>
    </ClInclude>
    <ClInclude Include="ClassView.h">
      <Filter>Header Files</Filter>
    </ClInclude>
    <ClInclude Include="ViewTree.h">
      <Filter>Header Files</Filter>
    </ClInclude>
    <ClInclude Include="OutputWnd.h">
      <Filter>Header Files</Filter>
    </ClInclude>
    <ClInclude Include="PropertiesWnd.h">
      <Filter>Header Files</Filter>
    </ClInclude>
    <ClInclude Include="Controllers\Controller.Interfaces.h">
      <Filter>Controllers</Filter>
    </ClInclude>
    <ClInclude Include="Model\Model.AccountType.Binding.h">
      <Filter>Model</Filter>
    </ClInclude>
    <ClInclude Include="Model\Model.CoinBinding.h">
      <Filter>Model</Filter>
    </ClInclude>
    <ClInclude Include="Model\Model.Colones.Binding.h">
      <Filter>Model</Filter>
    </ClInclude>
    <ClInclude Include="Model\Model.DataTier.h">
      <Filter>Model</Filter>
    </ClInclude>
    <ClInclude Include="Model\Model.DateBinding.h">
      <Filter>Model</Filter>
    </ClInclude>
    <ClInclude Include="Model\Model.Dolares.Binding.h">
      <Filter>Model</Filter>
    </ClInclude>
    <ClInclude Include="Model\Model.ORM.Definitions.h">
      <Filter>Model</Filter>
    </ClInclude>
    <ClInclude Include="Model\Model.StatementBuilder.h">
      <Filter>Model</Filter>
    </ClInclude>
    <ClInclude Include="Model\Model.StatementFactory.h">
      <Filter>Model</Filter>
    </ClInclude>
    <ClInclude Include="ORM\ORM.Repository.h">
      <Filter>ORM Infrastructure</Filter>
    </ClInclude>
    <ClInclude Include="Repositories\StatementLineRepository.h">
      <Filter>Repositories</Filter>
    </ClInclude>
    <ClInclude Include="Repositories\CategoryRepository.h">
      <Filter>Repositories</Filter>
    </ClInclude>
    <ClInclude Include="ORM\ORM.UnitOfWork.h">
      <Filter>ORM Infrastructure</Filter>
    </ClInclude>
    <ClInclude Include="FormattedCategory.h">
      <Filter>Header Files</Filter>
    </ClInclude>
    <ClInclude Include="IGridController.h">
      <Filter>Header Files</Filter>
    </ClInclude>
    <ClInclude Include="BasicCategoryGridController.h">
      <Filter>Header Files</Filter>
    </ClInclude>
    <ClInclude Include="Controllers\Controller.CategoryLoader.h">
      <Filter>Controllers</Filter>
    </ClInclude>
    <ClInclude Include="GridDisplayer.h">
      <Filter>Header Files</Filter>
    </ClInclude>
    <ClInclude Include="JoinedGridDisplayer.h">
      <Filter>Header Files</Filter>
    </ClInclude>
    <ClInclude Include="Controllers\Controller.LoadCompoundDocIntoDB.h">
      <Filter>Controllers</Filter>
    </ClInclude>
    <ClInclude Include="OwnersView.h">
      <Filter>Header Files</Filter>
    </ClInclude>
    <ClInclude Include="OwnerDoc.h">
      <Filter>Header Files</Filter>
    </ClInclude>
    <ClInclude Include="OwnersDialog.h">
      <Filter>Header Files</Filter>
    </ClInclude>
    <ClInclude Include="DocViewTemplates.h">
      <Filter>Header Files</Filter>
    </ClInclude>
    <ClInclude Include="GridDefinition.h">
      <Filter>Header Files</Filter>
    </ClInclude>
    <ClInclude Include="Queries.h">
      <Filter>Header Files</Filter>
    </ClInclude>
    <ClInclude Include="FilterStatementLines.h">
      <Filter>Header Files</Filter>
    </ClInclude>
    <ClInclude Include="ModelToView.h">
      <Filter>Header Files</Filter>
    </ClInclude>
    <ClInclude Include="ViewUtilities.h">
      <Filter>Header Files</Filter>
    </ClInclude>
    <ClInclude Include="SubFormView.h">
      <Filter>Header Files</Filter>
    </ClInclude>
  </ItemGroup>
  <ItemGroup>
    <ClCompile Include="TesterForMFCUtilitiesDLL.cpp">
      <Filter>Source Files</Filter>
    </ClCompile>
    <ClCompile Include="stdafx.cpp">
      <Filter>Source Files</Filter>
    </ClCompile>
    <ClCompile Include="MainFrm.cpp">
      <Filter>Source Files</Filter>
    </ClCompile>
    <ClCompile Include="ChildFrm.cpp">
      <Filter>Source Files</Filter>
    </ClCompile>
    <ClCompile Include="TesterForMFCUtilitiesDLLDoc.cpp">
      <Filter>Source Files</Filter>
    </ClCompile>
    <ClCompile Include="TesterForMFCUtilitiesDLLView.cpp">
      <Filter>Source Files</Filter>
    </ClCompile>
    <ClCompile Include="FileView.cpp">
      <Filter>Source Files</Filter>
    </ClCompile>
    <ClCompile Include="ClassView.cpp">
      <Filter>Source Files</Filter>
    </ClCompile>
    <ClCompile Include="ViewTree.cpp">
      <Filter>Source Files</Filter>
    </ClCompile>
    <ClCompile Include="OutputWnd.cpp">
      <Filter>Source Files</Filter>
    </ClCompile>
    <ClCompile Include="PropertiesWnd.cpp">
      <Filter>Source Files</Filter>
    </ClCompile>
    <ClCompile Include="Model\Model.StatementBuilder.cpp">
      <Filter>Model</Filter>
    </ClCompile>
    <ClCompile Include="Model\Model.StatementFactory.cpp">
      <Filter>Model</Filter>
    </ClCompile>
    <ClCompile Include="Model\Model.ORM.Definitions.cpp">
      <Filter>Model</Filter>
    </ClCompile>
    <ClCompile Include="ORM\ORM.Repository.cpp">
      <Filter>ORM Infrastructure</Filter>
    </ClCompile>
    <ClCompile Include="ORM\ORM.UnitOfWork.cpp">
      <Filter>ORM Infrastructure</Filter>
    </ClCompile>
    <ClCompile Include="FormattedCategory.cpp">
      <Filter>Source Files</Filter>
    </ClCompile>
    <ClCompile Include="IGridController.cpp">
      <Filter>Source Files</Filter>
    </ClCompile>
    <ClCompile Include="BasicCategoryGridController.cpp">
      <Filter>Source Files</Filter>
    </ClCompile>
    <ClCompile Include="Repositories\CategoryRepository.cpp">
      <Filter>Repositories</Filter>
    </ClCompile>
    <ClCompile Include="Controllers\Controller.CategoryLoader.cpp">
      <Filter>Controllers</Filter>
    </ClCompile>
    <ClCompile Include="Model\Model.DataTier.cpp">
      <Filter>Source Files</Filter>
    </ClCompile>
    <ClCompile Include="..\date\tz.cpp">
      <Filter>Source Files</Filter>
    </ClCompile>
    <ClCompile Include="GridDisplayer.cpp">
      <Filter>Source Files</Filter>
    </ClCompile>
    <ClCompile Include="JoinedGridDisplayer.cpp">
      <Filter>Source Files</Filter>
    </ClCompile>
    <ClCompile Include="Controllers\Controller.LoadCompoundDocIntoDB.cpp">
      <Filter>Controllers</Filter>
    </ClCompile>
    <ClCompile Include="OwnersView.cpp">
      <Filter>Source Files</Filter>
    </ClCompile>
    <ClCompile Include="OwnerDoc.cpp">
      <Filter>Source Files</Filter>
    </ClCompile>
    <ClCompile Include="OwnersDialog.cpp">
      <Filter>Source Files</Filter>
    </ClCompile>
    <ClCompile Include="DocViewTemplates.cpp">
      <Filter>Source Files</Filter>
    </ClCompile>
    <ClCompile Include="FilterStatementLines.cpp">
      <Filter>Source Files</Filter>
    </ClCompile>
    <ClCompile Include="SubFormView.cpp">
      <Filter>Source Files</Filter>
    </ClCompile>
  </ItemGroup>
  <ItemGroup>
    <ResourceCompile Include="TesterForMFCUtilitiesDLL.rc">
      <Filter>Resource Files</Filter>
    </ResourceCompile>
  </ItemGroup>
  <ItemGroup>
    <Image Include="res\file_view.ico">
      <Filter>Resource Files</Filter>
    </Image>
    <Image Include="res\file_view_hc.ico">
      <Filter>Resource Files</Filter>
    </Image>
    <Image Include="res\class_view.ico">
      <Filter>Resource Files</Filter>
    </Image>
    <Image Include="res\class_view_hc.ico">
      <Filter>Resource Files</Filter>
    </Image>
    <Image Include="res\fileview.bmp">
      <Filter>Resource Files</Filter>
    </Image>
    <Image Include="res\fileview_hc.bmp">
      <Filter>Resource Files</Filter>
    </Image>
    <Image Include="res\classview.bmp">
      <Filter>Resource Files</Filter>
    </Image>
    <Image Include="res\classview_hc.bmp">
      <Filter>Resource Files</Filter>
    </Image>
    <Image Include="res\explorer.bmp">
      <Filter>Resource Files</Filter>
    </Image>
    <Image Include="res\explorer_hc.bmp">
      <Filter>Resource Files</Filter>
    </Image>
    <Image Include="res\sort.bmp">
      <Filter>Resource Files</Filter>
    </Image>
    <Image Include="res\sort_hc.bmp">
      <Filter>Resource Files</Filter>
    </Image>
    <Image Include="res\menuimages.bmp">
      <Filter>Resource Files</Filter>
    </Image>
    <Image Include="res\menuimages_hc.bmp">
      <Filter>Resource Files</Filter>
    </Image>
    <Image Include="res\output_wnd.ico">
      <Filter>Resource Files</Filter>
    </Image>
    <Image Include="res\output_wnd_hc.ico">
      <Filter>Resource Files</Filter>
    </Image>
    <Image Include="res\properties_wnd.ico">
      <Filter>Resource Files</Filter>
    </Image>
    <Image Include="res\properties_wnd_hc.ico">
      <Filter>Resource Files</Filter>
    </Image>
    <Image Include="res\properties.bmp">
      <Filter>Resource Files</Filter>
    </Image>
    <Image Include="res\properties_hc.bmp">
      <Filter>Resource Files</Filter>
    </Image>
    <Image Include="res\userimages.bmp">
      <Filter>Resource Files</Filter>
    </Image>
    <Image Include="res\TesterForMFCUtilitiesDLLDoc.ico">
      <Filter>Resource Files</Filter>
    </Image>
    <Image Include="res\TesterForMFCUtilitiesDLL.ico">
      <Filter>Resource Files</Filter>
    </Image>
    <Image Include="res\Toolbar.bmp">
      <Filter>Resource Files</Filter>
    </Image>
    <Image Include="res\Toolbar256.bmp">
      <Filter>Resource Files</Filter>
    </Image>
  </ItemGroup>
  <ItemGroup>
    <None Include="res\TesterForMFCUtilitiesDLL.rc2">
      <Filter>Resource Files</Filter>
    </None>
    <None Include="DataTierClassDiagram.cd" />
    <None Include="packages.config" />
  </ItemGroup>
</Project>