<?xml version="1.0" encoding="utf-8"?>
<Project ToolsVersion="4.0" xmlns="http://schemas.microsoft.com/developer/msbuild/2003">
  <ItemGroup>
    <Filter Include="Source Files">
      <UniqueIdentifier>{4FC737F1-C7A5-4376-A066-2A32D752A2FF}</UniqueIdentifier>
      <Extensions>cpp;c;cc;cxx;c++;cppm;ixx;def;odl;idl;hpj;bat;asm;asmx</Extensions>
    </Filter>
    <Filter Include="Header Files">
      <UniqueIdentifier>{93995380-89BD-4b04-88EB-625FBE52EBFB}</UniqueIdentifier>
      <Extensions>h;hh;hpp;hxx;h++;hm;inl;inc;ipp;xsd</Extensions>
    </Filter>
    <Filter Include="Resource Files">
      <UniqueIdentifier>{67DA6AB6-F800-4c08-8B7A-83BB121AAD01}</UniqueIdentifier>
      <Extensions>rc;ico;cur;bmp;dlg;rc2;rct;bin;rgs;gif;jpg;jpeg;jpe;resx;tiff;tif;png;wav;mfcribbon-ms</Extensions>
    </Filter>
  </ItemGroup>
  <ItemGroup>
    <ClCompile Include="..\..\..\..\..\..\..\Components\sqlite_orm_dev_10_feb_2022\examples\blob.cpp">
      <Filter>Source Files</Filter>
    </ClCompile>
    <ClCompile Include="..\..\..\..\..\..\..\Components\sqlite_orm_dev_10_feb_2022\examples\blob_binding.cpp">
      <Filter>Source Files</Filter>
    </ClCompile>
    <ClCompile Include="..\..\..\..\..\..\..\Components\sqlite_orm_dev_10_feb_2022\examples\case.cpp">
      <Filter>Source Files</Filter>
    </ClCompile>
    <ClCompile Include="..\..\..\..\..\..\..\Components\sqlite_orm_dev_10_feb_2022\examples\check.cpp">
      <Filter>Source Files</Filter>
    </ClCompile>
    <ClCompile Include="..\..\..\..\..\..\..\Components\sqlite_orm_dev_10_feb_2022\examples\collate.cpp">
      <Filter>Source Files</Filter>
    </ClCompile>
    <ClCompile Include="..\..\..\..\..\..\..\Components\sqlite_orm_dev_10_feb_2022\examples\composite_key.cpp">
      <Filter>Source Files</Filter>
    </ClCompile>
    <ClCompile Include="..\..\..\..\..\..\..\Components\sqlite_orm_dev_10_feb_2022\examples\core_functions.cpp">
      <Filter>Source Files</Filter>
    </ClCompile>
    <ClCompile Include="..\..\..\..\..\..\..\Components\sqlite_orm_dev_10_feb_2022\examples\cross_join.cpp">
      <Filter>Source Files</Filter>
    </ClCompile>
    <ClCompile Include="..\..\..\..\..\..\..\Components\sqlite_orm_dev_10_feb_2022\examples\custom_aliases.cpp">
      <Filter>Source Files</Filter>
    </ClCompile>
    <ClCompile Include="..\..\..\..\..\..\..\Components\sqlite_orm_dev_10_feb_2022\examples\date_time.cpp">
      <Filter>Source Files</Filter>
    </ClCompile>
    <ClCompile Include="..\..\..\..\..\..\..\Components\sqlite_orm_dev_10_feb_2022\examples\distinct.cpp">
      <Filter>Source Files</Filter>
    </ClCompile>
    <ClCompile Include="..\..\..\..\..\..\..\Components\sqlite_orm_dev_10_feb_2022\examples\enum_binding.cpp">
      <Filter>Source Files</Filter>
    </ClCompile>
    <ClCompile Include="..\..\..\..\..\..\..\Components\sqlite_orm_dev_10_feb_2022\examples\except_intersection.cpp">
      <Filter>Source Files</Filter>
    </ClCompile>
    <ClCompile Include="..\..\..\..\..\..\..\Components\sqlite_orm_dev_10_feb_2022\examples\exists.cpp">
      <Filter>Source Files</Filter>
    </ClCompile>
    <ClCompile Include="..\..\..\..\..\..\..\Components\sqlite_orm_dev_10_feb_2022\examples\foreign_key.cpp">
      <Filter>Source Files</Filter>
    </ClCompile>
    <ClCompile Include="..\..\..\..\..\..\..\Components\sqlite_orm_dev_10_feb_2022\examples\generated_column.cpp">
      <Filter>Source Files</Filter>
    </ClCompile>
    <ClCompile Include="..\..\..\..\..\..\..\Components\sqlite_orm_dev_10_feb_2022\examples\group_by.cpp">
      <Filter>Source Files</Filter>
    </ClCompile>
    <ClCompile Include="..\..\..\..\..\..\..\Components\sqlite_orm_dev_10_feb_2022\examples\having.cpp">
      <Filter>Source Files</Filter>
    </ClCompile>
    <ClCompile Include="..\..\..\..\..\..\..\Components\sqlite_orm_dev_10_feb_2022\examples\in_memory.cpp">
      <Filter>Source Files</Filter>
    </ClCompile>
    <ClCompile Include="..\..\..\..\..\..\..\Components\sqlite_orm_dev_10_feb_2022\examples\index.cpp">
      <Filter>Source Files</Filter>
    </ClCompile>
    <ClCompile Include="..\..\..\..\..\..\..\Components\sqlite_orm_dev_10_feb_2022\examples\insert.cpp">
      <Filter>Source Files</Filter>
    </ClCompile>
    <ClCompile Include="..\..\..\..\..\..\..\Components\sqlite_orm_dev_10_feb_2022\examples\iteration.cpp">
      <Filter>Source Files</Filter>
    </ClCompile>
    <ClCompile Include="..\..\..\..\..\..\..\Components\sqlite_orm_dev_10_feb_2022\examples\key_value.cpp">
      <Filter>Source Files</Filter>
    </ClCompile>
    <ClCompile Include="..\..\..\..\..\..\..\Components\sqlite_orm_dev_10_feb_2022\examples\left_and_inner_join.cpp">
      <Filter>Source Files</Filter>
    </ClCompile>
    <ClCompile Include="..\..\..\..\..\..\..\Components\sqlite_orm_dev_10_feb_2022\examples\multi_table_select.cpp">
      <Filter>Source Files</Filter>
    </ClCompile>
    <ClCompile Include="..\..\..\..\..\..\..\Components\sqlite_orm_dev_10_feb_2022\examples\natural_join.cpp">
      <Filter>Source Files</Filter>
    </ClCompile>
    <ClCompile Include="..\..\..\..\..\..\..\Components\sqlite_orm_dev_10_feb_2022\examples\nullable_enum_binding.cpp">
      <Filter>Source Files</Filter>
    </ClCompile>
    <ClCompile Include="..\..\..\..\..\..\..\Components\sqlite_orm_dev_10_feb_2022\examples\pointer_passing_interface.cpp">
      <Filter>Source Files</Filter>
    </ClCompile>
    <ClCompile Include="..\..\..\..\..\..\..\Components\sqlite_orm_dev_10_feb_2022\examples\prepared_statement.cpp">
      <Filter>Source Files</Filter>
    </ClCompile>
    <ClCompile Include="..\..\..\..\..\..\..\Components\sqlite_orm_dev_10_feb_2022\examples\private_class_members.cpp">
      <Filter>Source Files</Filter>
    </ClCompile>
    <ClCompile Include="..\..\..\..\..\..\..\Components\sqlite_orm_dev_10_feb_2022\examples\select.cpp">
      <Filter>Source Files</Filter>
    </ClCompile>
    <ClCompile Include="..\..\..\..\..\..\..\Components\sqlite_orm_dev_10_feb_2022\examples\self_join.cpp">
      <Filter>Source Files</Filter>
    </ClCompile>
    <ClCompile Include="..\..\..\..\..\..\..\Components\sqlite_orm_dev_10_feb_2022\examples\subentities.cpp">
      <Filter>Source Files</Filter>
    </ClCompile>
    <ClCompile Include="..\..\..\..\..\..\..\Components\sqlite_orm_dev_10_feb_2022\examples\subquery.cpp">
      <Filter>Source Files</Filter>
    </ClCompile>
    <ClCompile Include="..\..\..\..\..\..\..\Components\sqlite_orm_dev_10_feb_2022\examples\synchronous.cpp">
      <Filter>Source Files</Filter>
    </ClCompile>
    <ClCompile Include="..\..\..\..\..\..\..\Components\sqlite_orm_dev_10_feb_2022\examples\triggers.cpp">
      <Filter>Source Files</Filter>
    </ClCompile>
    <ClCompile Include="..\..\..\..\..\..\..\Components\sqlite_orm_dev_10_feb_2022\examples\union.cpp">
      <Filter>Source Files</Filter>
    </ClCompile>
    <ClCompile Include="..\..\..\..\..\..\..\Components\sqlite_orm_dev_10_feb_2022\examples\unique.cpp">
      <Filter>Source Files</Filter>
    </ClCompile>
    <ClCompile Include="..\..\..\..\..\..\..\Components\sqlite_orm_dev_10_feb_2022\examples\update.cpp">
      <Filter>Source Files</Filter>
    </ClCompile>
    <ClCompile Include="..\..\..\..\..\..\..\Components\sqlite_orm_dev_10_feb_2022\examples\user_defined_functions.cpp">
      <Filter>Source Files</Filter>
    </ClCompile>
    <ClCompile Include="JD Sources.cpp">
      <Filter>Source Files</Filter>
    </ClCompile>
    <ClCompile Include="JD Full Outer Join.cpp">
      <Filter>Source Files</Filter>
    </ClCompile>
    <ClCompile Include="JD Aliases.cpp">
      <Filter>Source Files</Filter>
    </ClCompile>
    <ClCompile Include="JD Insert.cpp">
      <Filter>Source Files</Filter>
    </ClCompile>
    <ClCompile Include="SQLCookbook.cpp">
      <Filter>Source Files</Filter>
    </ClCompile>
    <ClCompile Include="..\..\..\..\..\..\juan_\OneDrive\Documents\sqlite_orm\include\sqlite_orm\SQLCookbook.cpp">
      <Filter>Source Files</Filter>
    </ClCompile>
    <ClCompile Include="..\..\..\..\..\..\juan_\OneDrive\Documents\sqlite_orm\include\sqlite_orm\Migration0to1.cpp">
      <Filter>Source Files</Filter>
    </ClCompile>
    <ClCompile Include="..\..\..\..\..\..\juan_\OneDrive\Documents\sqlite_orm\include\sqlite_orm\SQLCookbook - Copy.cpp">
      <Filter>Source Files</Filter>
    </ClCompile>
  </ItemGroup>
  <ItemGroup>
    <Text Include="..\..\..\..\..\..\..\Components\sqlite_orm_dev_10_feb_2022\examples\CMakeLists.txt">
      <Filter>Source Files</Filter>
    </Text>
  </ItemGroup>
  <ItemGroup>
    <ClInclude Include="SQLCookbook.h">
      <Filter>Header Files</Filter>
    </ClInclude>
    <ClInclude Include="..\..\..\..\..\..\juan_\OneDrive\Documents\sqlite_orm\include\sqlite_orm\MigrationBase.h">
      <Filter>Header Files</Filter>
    </ClInclude>
    <ClInclude Include="..\..\..\..\..\..\juan_\OneDrive\Documents\sqlite_orm\include\sqlite_orm\ForeignKeyHolder.h">
      <Filter>Header Files</Filter>
    </ClInclude>
    <ClInclude Include="..\..\..\..\..\..\juan_\OneDrive\Documents\sqlite_orm\include\sqlite_orm\SQLCookbook_v1.h">
      <Filter>Header Files</Filter>
    </ClInclude>
    <ClInclude Include="..\..\..\..\..\..\juan_\OneDrive\Documents\sqlite_orm\include\sqlite_orm\SQLCookbookMigrator.h">
      <Filter>Header Files</Filter>
    </ClInclude>
    <ClInclude Include="..\..\..\..\..\..\juan_\OneDrive\Documents\sqlite_orm\include\sqlite_orm\sqlite_orm.h">
      <Filter>Header Files</Filter>
    </ClInclude>
    <ClInclude Include="..\..\..\..\..\..\juan_\OneDrive\Documents\sqlite_orm\dev\pragma.h">
      <Filter>Header Files</Filter>
    </ClInclude>
    <ClInclude Include="Schema_v1.h">
      <Filter>Header Files</Filter>
    </ClInclude>
    <ClInclude Include="..\..\..\..\..\..\juan_\OneDrive\Documents\sqlite_orm\dev\DbConnection.h">
      <Filter>Header Files</Filter>
    </ClInclude>
  </ItemGroup>
</Project>