<?xml version="1.0" encoding="utf-8"?>
<Project ToolsVersion="4.0" xmlns="http://schemas.microsoft.com/developer/msbuild/2003">
  <ItemGroup>
    <Filter Include="Source Files">
      <UniqueIdentifier>{4FC737F1-C7A5-4376-A066-2A32D752A2FF}</UniqueIdentifier>
      <Extensions>cpp;c;cc;cxx;c++;cppm;ixx;def;odl;idl;hpj;bat;asm;asmx</Extensions>
    </Filter>
    <Filter Include="Header Files">
      <UniqueIdentifier>{93995380-89BD-4b04-88EB-625FBE52EBFB}</UniqueIdentifier>
      <Extensions>h;hh;hpp;hxx;h++;hm;inl;inc;ipp;xsd</Extensions>
    </Filter>
    <Filter Include="Resource Files">
      <UniqueIdentifier>{67DA6AB6-F800-4c08-8B7A-83BB121AAD01}</UniqueIdentifier>
      <Extensions>rc;ico;cur;bmp;dlg;rc2;rct;bin;rgs;gif;jpg;jpeg;jpe;resx;tiff;tif;png;wav;mfcribbon-ms</Extensions>
    </Filter>
    <Filter Include="BarChartCtrl">
      <UniqueIdentifier>{eebe0f7e-7996-49a7-ad95-f7cfd5c73a5d}</UniqueIdentifier>
    </Filter>
  </ItemGroup>
  <ItemGroup>
    <ClInclude Include="ChartMFCSample.h">
      <Filter>Header Files</Filter>
    </ClInclude>
    <ClInclude Include="ChartMFCSampleDlg.h">
      <Filter>Header Files</Filter>
    </ClInclude>
    <ClInclude Include="framework.h">
      <Filter>Header Files</Filter>
    </ClInclude>
    <ClInclude Include="targetver.h">
      <Filter>Header Files</Filter>
    </ClInclude>
    <ClInclude Include="Resource.h">
      <Filter>Header Files</Filter>
    </ClInclude>
    <ClInclude Include="pch.h">
      <Filter>Header Files</Filter>
    </ClInclude>
    <ClInclude Include="..\BarChartCtrl\BarChartCtrl.h">
      <Filter>BarChartCtrl</Filter>
    </ClInclude>
    <ClInclude Include="..\BarChartCtrl\BarChartCtrlDlg.h">
      <Filter>BarChartCtrl</Filter>
    </ClInclude>
    <ClInclude Include="..\BarChartCtrl\resource.h">
      <Filter>BarChartCtrl</Filter>
    </ClInclude>
    <ClInclude Include="..\BarChartCtrl\StdAfx.h">
      <Filter>BarChartCtrl</Filter>
    </ClInclude>
    <ClInclude Include="..\BarChartCtrl\BarChart.h">
      <Filter>BarChartCtrl</Filter>
    </ClInclude>
  </ItemGroup>
  <ItemGroup>
    <ClCompile Include="ChartMFCSample.cpp">
      <Filter>Source Files</Filter>
    </ClCompile>
    <ClCompile Include="ChartMFCSampleDlg.cpp">
      <Filter>Source Files</Filter>
    </ClCompile>
    <ClCompile Include="pch.cpp">
      <Filter>Source Files</Filter>
    </ClCompile>
    <ClCompile Include="..\BarChartCtrl\BarChartCtrl.cpp">
      <Filter>BarChartCtrl</Filter>
    </ClCompile>
    <ClCompile Include="..\BarChartCtrl\BarChartCtrlDlg.cpp">
      <Filter>BarChartCtrl</Filter>
    </ClCompile>
    <ClCompile Include="..\BarChartCtrl\StdAfx.cpp">
      <Filter>BarChartCtrl</Filter>
    </ClCompile>
    <ClCompile Include="..\BarChartCtrl\BarChart.cpp">
      <Filter>BarChartCtrl</Filter>
    </ClCompile>
  </ItemGroup>
  <ItemGroup>
    <ResourceCompile Include="ChartMFCSample.rc">
      <Filter>Resource Files</Filter>
    </ResourceCompile>
    <ResourceCompile Include="..\BarChartCtrl\BarChartCtrl.rc">
      <Filter>BarChartCtrl</Filter>
    </ResourceCompile>
  </ItemGroup>
  <ItemGroup>
    <None Include="res\ChartMFCSample.rc2">
      <Filter>Resource Files</Filter>
    </None>
    <None Include="..\BarChartCtrl\res\BarChartCtrl.rc2">
      <Filter>BarChartCtrl</Filter>
    </None>
  </ItemGroup>
  <ItemGroup>
    <Image Include="res\ChartMFCSample.ico">
      <Filter>Resource Files</Filter>
    </Image>
    <Image Include="..\BarChartCtrl\res\BarChartCtrl.ico">
      <Filter>BarChartCtrl</Filter>
    </Image>
  </ItemGroup>
</Project>