<?xml version="1.0" encoding="utf-8"?>
<Project ToolsVersion="4.0" xmlns="http://schemas.microsoft.com/developer/msbuild/2003">
  <ItemGroup>
    <Filter Include="Source Files">
      <UniqueIdentifier>{4FC737F1-C7A5-4376-A066-2A32D752A2FF}</UniqueIdentifier>
      <Extensions>cpp;c;cc;cxx;c++;def;odl;idl;hpj;bat;asm;asmx</Extensions>
    </Filter>
    <Filter Include="Header Files">
      <UniqueIdentifier>{93995380-89BD-4b04-88EB-625FBE52EBFB}</UniqueIdentifier>
      <Extensions>h;hh;hpp;hxx;h++;hm;inl;inc;ipp;xsd</Extensions>
    </Filter>
    <Filter Include="Resource Files">
      <UniqueIdentifier>{67DA6AB6-F800-4c08-8B7A-83BB121AAD01}</UniqueIdentifier>
      <Extensions>rc;ico;cur;bmp;dlg;rc2;rct;bin;rgs;gif;jpg;jpeg;jpe;resx;tiff;tif;png;wav;mfcribbon-ms</Extensions>
    </Filter>
    <Filter Include="DataTier">
      <UniqueIdentifier>{f3f18830-3b01-4f2b-824a-4f4d44adfae3}</UniqueIdentifier>
    </Filter>
    <Filter Include="Grid">
      <UniqueIdentifier>{671645dc-4261-4ed8-8223-98f74eab7326}</UniqueIdentifier>
    </Filter>
  </ItemGroup>
  <ItemGroup>
    <ClInclude Include="ExpenseManagerSQLite.h">
      <Filter>Header Files</Filter>
    </ClInclude>
    <ClInclude Include="framework.h">
      <Filter>Header Files</Filter>
    </ClInclude>
    <ClInclude Include="targetver.h">
      <Filter>Header Files</Filter>
    </ClInclude>
    <ClInclude Include="MainFrm.h">
      <Filter>Header Files</Filter>
    </ClInclude>
    <ClInclude Include="ChildFrm.h">
      <Filter>Header Files</Filter>
    </ClInclude>
    <ClInclude Include="ExpenseManagerSQLiteDoc.h">
      <Filter>Header Files</Filter>
    </ClInclude>
    <ClInclude Include="ExpenseManagerSQLiteView.h">
      <Filter>Header Files</Filter>
    </ClInclude>
    <ClInclude Include="Resource.h">
      <Filter>Header Files</Filter>
    </ClInclude>
    <ClInclude Include="FileView.h">
      <Filter>Header Files</Filter>
    </ClInclude>
    <ClInclude Include="ClassView.h">
      <Filter>Header Files</Filter>
    </ClInclude>
    <ClInclude Include="ViewTree.h">
      <Filter>Header Files</Filter>
    </ClInclude>
    <ClInclude Include="OutputWnd.h">
      <Filter>Header Files</Filter>
    </ClInclude>
    <ClInclude Include="PropertiesWnd.h">
      <Filter>Header Files</Filter>
    </ClInclude>
    <ClInclude Include="Data_Tier.h">
      <Filter>Header Files</Filter>
    </ClInclude>
    <ClInclude Include="stdafx.h">
      <Filter>Header Files</Filter>
    </ClInclude>
    <ClInclude Include="..\TesterForMFCUtilitiesDLL\Model\Model.DateBinding.h">
      <Filter>DataTier</Filter>
    </ClInclude>
    <ClInclude Include="..\TesterForMFCUtilitiesDLL\Model\Model.AccountType.Binding.h">
      <Filter>DataTier</Filter>
    </ClInclude>
    <ClInclude Include="..\TesterForMFCUtilitiesDLL\Model\Model.CoinBinding.h">
      <Filter>DataTier</Filter>
    </ClInclude>
    <ClInclude Include="..\TesterForMFCUtilitiesDLL\Model\Model.Colones.Binding.h">
      <Filter>DataTier</Filter>
    </ClInclude>
    <ClInclude Include="..\TesterForMFCUtilitiesDLL\Model\Model.Dolares.Binding.h">
      <Filter>DataTier</Filter>
    </ClInclude>
    <ClInclude Include="..\TesterForMFCUtilitiesDLL\Model\Model.StatementBuilder.h">
      <Filter>DataTier</Filter>
    </ClInclude>
    <ClInclude Include="..\TesterForMFCUtilitiesDLL\Model\Model.StatementFactory.h">
      <Filter>DataTier</Filter>
    </ClInclude>
    <ClInclude Include="..\TesterForMFCUtilitiesDLL\GridDisplayer.h">
      <Filter>Grid</Filter>
    </ClInclude>
    <ClInclude Include="..\TesterForMFCUtilitiesDLL\IGridController.h">
      <Filter>Grid</Filter>
    </ClInclude>
    <ClInclude Include="..\TesterForMFCUtilitiesDLL\JoinedGridDisplayer.h">
      <Filter>Grid</Filter>
    </ClInclude>
    <ClInclude Include="..\TesterForMFCUtilitiesDLL\BasicCategoryGridController.h">
      <Filter>Grid</Filter>
    </ClInclude>
    <ClInclude Include="Nullable.h">
      <Filter>DataTier</Filter>
    </ClInclude>
    <ClInclude Include="ConceptsAndAccounts.h">
      <Filter>Header Files</Filter>
    </ClInclude>
    <ClInclude Include="..\JDGridCtrl\JDGridCtrl.h">
      <Filter>Header Files</Filter>
    </ClInclude>
    <ClInclude Include="AssociateConceptAccount.h">
      <Filter>Header Files</Filter>
    </ClInclude>
    <ClInclude Include="StatementLineGridController.h">
      <Filter>Header Files</Filter>
    </ClInclude>
    <ClInclude Include="..\..\..\..\..\Source\Repos\TransformDownloadedStatements\ExpenseManagerMFC\String.h">
      <Filter>Header Files</Filter>
    </ClInclude>
    <ClInclude Include="..\..\..\..\..\Source\Repos\TransformDownloadedStatements\ExpenseManagerMFC\Data.h">
      <Filter>Header Files</Filter>
    </ClInclude>
    <ClInclude Include="StatementLineAdapter.h">
      <Filter>Header Files</Filter>
    </ClInclude>
    <ClInclude Include="TablePool.h">
      <Filter>Header Files</Filter>
    </ClInclude>
    <ClInclude Include="BancoDlg.h">
      <Filter>Header Files</Filter>
    </ClInclude>
    <ClInclude Include="CuentaDlg.h">
      <Filter>Header Files</Filter>
    </ClInclude>
    <ClInclude Include="TransaccionDlg.h">
      <Filter>Header Files</Filter>
    </ClInclude>
    <ClInclude Include="PaisesDlg.h">
      <Filter>Header Files</Filter>
    </ClInclude>
    <ClInclude Include="DependentTable.h">
      <Filter>Header Files</Filter>
    </ClInclude>
    <ClInclude Include="RecordLinks.h">
      <Filter>Header Files</Filter>
    </ClInclude>
    <ClInclude Include="BoxContents.h">
      <Filter>Header Files</Filter>
    </ClInclude>
    <ClInclude Include="DuenosDlg.h">
      <Filter>Header Files</Filter>
    </ClInclude>
    <ClInclude Include="ConceptosDlg.h">
      <Filter>Header Files</Filter>
    </ClInclude>
    <ClInclude Include="StatementDlg.h">
      <Filter>Header Files</Filter>
    </ClInclude>
    <ClInclude Include="CategoryDlg.h">
      <Filter>Header Files</Filter>
    </ClInclude>
    <ClInclude Include="ObjectBuilder.h">
      <Filter>Header Files</Filter>
    </ClInclude>
    <ClInclude Include="CompoundStatementLine.h">
      <Filter>Header Files</Filter>
    </ClInclude>
    <ClInclude Include="TransactionState.h">
      <Filter>Header Files</Filter>
    </ClInclude>
    <ClInclude Include="RefIntegrity.h">
      <Filter>Header Files</Filter>
    </ClInclude>
    <ClInclude Include="JoinedGridDisplayerView.h">
      <Filter>Header Files</Filter>
    </ClInclude>
    <ClInclude Include="JoinedGridDisplayerDoc.h">
      <Filter>Header Files</Filter>
    </ClInclude>
    <ClInclude Include="JoinedComboDisplayer.h">
      <Filter>Header Files</Filter>
    </ClInclude>
    <ClInclude Include="IDisplayer.h">
      <Filter>Header Files</Filter>
    </ClInclude>
    <ClInclude Include="DuenoCuentasDlg.h">
      <Filter>Header Files</Filter>
    </ClInclude>
    <ClInclude Include="OneToMany.h">
      <Filter>Header Files</Filter>
    </ClInclude>
  </ItemGroup>
  <ItemGroup>
    <ClCompile Include="ExpenseManagerSQLite.cpp">
      <Filter>Source Files</Filter>
    </ClCompile>
    <ClCompile Include="MainFrm.cpp">
      <Filter>Source Files</Filter>
    </ClCompile>
    <ClCompile Include="ChildFrm.cpp">
      <Filter>Source Files</Filter>
    </ClCompile>
    <ClCompile Include="ExpenseManagerSQLiteDoc.cpp">
      <Filter>Source Files</Filter>
    </ClCompile>
    <ClCompile Include="ExpenseManagerSQLiteView.cpp">
      <Filter>Source Files</Filter>
    </ClCompile>
    <ClCompile Include="FileView.cpp">
      <Filter>Source Files</Filter>
    </ClCompile>
    <ClCompile Include="ClassView.cpp">
      <Filter>Source Files</Filter>
    </ClCompile>
    <ClCompile Include="ViewTree.cpp">
      <Filter>Source Files</Filter>
    </ClCompile>
    <ClCompile Include="OutputWnd.cpp">
      <Filter>Source Files</Filter>
    </ClCompile>
    <ClCompile Include="PropertiesWnd.cpp">
      <Filter>Source Files</Filter>
    </ClCompile>
    <ClCompile Include="stdafx.cpp">
      <Filter>Source Files</Filter>
    </ClCompile>
    <ClCompile Include="DataTier.cpp">
      <Filter>Source Files</Filter>
    </ClCompile>
    <ClCompile Include="..\TesterForMFCUtilitiesDLL\Model\Model.DataTier.cpp">
      <Filter>DataTier</Filter>
    </ClCompile>
    <ClCompile Include="..\TesterForMFCUtilitiesDLL\Model\Model.StatementBuilder.cpp">
      <Filter>DataTier</Filter>
    </ClCompile>
    <ClCompile Include="..\TesterForMFCUtilitiesDLL\Model\Model.StatementFactory.cpp">
      <Filter>DataTier</Filter>
    </ClCompile>
    <ClCompile Include="..\TesterForMFCUtilitiesDLL\GridDisplayer.cpp">
      <Filter>Grid</Filter>
    </ClCompile>
    <ClCompile Include="..\TesterForMFCUtilitiesDLL\IGridController.cpp">
      <Filter>Grid</Filter>
    </ClCompile>
    <ClCompile Include="..\TesterForMFCUtilitiesDLL\JoinedGridDisplayer.cpp">
      <Filter>Grid</Filter>
    </ClCompile>
    <ClCompile Include="..\TesterForMFCUtilitiesDLL\BasicCategoryGridController.cpp">
      <Filter>Grid</Filter>
    </ClCompile>
    <ClCompile Include="ConceptsAndAccounts.cpp">
      <Filter>Source Files</Filter>
    </ClCompile>
    <ClCompile Include="AssociateConceptAccount.cpp">
      <Filter>Source Files</Filter>
    </ClCompile>
    <ClCompile Include="StatementLineGridController.cpp">
      <Filter>Source Files</Filter>
    </ClCompile>
    <ClCompile Include="StatementLineAdapter.cpp">
      <Filter>Source Files</Filter>
    </ClCompile>
    <ClCompile Include="TablePool.cpp">
      <Filter>Source Files</Filter>
    </ClCompile>
    <ClCompile Include="BancoDlg.cpp">
      <Filter>Source Files</Filter>
    </ClCompile>
    <ClCompile Include="CuentaDlg.cpp">
      <Filter>Source Files</Filter>
    </ClCompile>
    <ClCompile Include="TransaccionDlg.cpp">
      <Filter>Source Files</Filter>
    </ClCompile>
    <ClCompile Include="PaisesDlg.cpp">
      <Filter>Source Files</Filter>
    </ClCompile>
    <ClCompile Include="DependentTable.cpp">
      <Filter>Source Files</Filter>
    </ClCompile>
    <ClCompile Include="RecordLinks.cpp">
      <Filter>Source Files</Filter>
    </ClCompile>
    <ClCompile Include="BoxContents.cpp">
      <Filter>Source Files</Filter>
    </ClCompile>
    <ClCompile Include="DuenosDlg.cpp">
      <Filter>Source Files</Filter>
    </ClCompile>
    <ClCompile Include="ConceptosDlg.cpp">
      <Filter>Source Files</Filter>
    </ClCompile>
    <ClCompile Include="StatementDlg.cpp">
      <Filter>Source Files</Filter>
    </ClCompile>
    <ClCompile Include="CategoryDlg.cpp">
      <Filter>Source Files</Filter>
    </ClCompile>
    <ClCompile Include="ObjectBuilder.cpp">
      <Filter>Source Files</Filter>
    </ClCompile>
    <ClCompile Include="CompoundStatementLine.cpp">
      <Filter>Source Files</Filter>
    </ClCompile>
    <ClCompile Include="TransactionState.cpp">
      <Filter>Source Files</Filter>
    </ClCompile>
    <ClCompile Include="JoinedGridDisplayerView.cpp">
      <Filter>Source Files</Filter>
    </ClCompile>
    <ClCompile Include="JoinedGridDisplayerDoc.cpp">
      <Filter>Source Files</Filter>
    </ClCompile>
    <ClCompile Include="DuenoCuentasDlg.cpp">
      <Filter>Source Files</Filter>
    </ClCompile>
    <ClCompile Include="OneToMany.cpp">
      <Filter>Source Files</Filter>
    </ClCompile>
  </ItemGroup>
  <ItemGroup>
    <ResourceCompile Include="ExpenseManagerSQLite.rc">
      <Filter>Resource Files</Filter>
    </ResourceCompile>
  </ItemGroup>
  <ItemGroup>
    <Image Include="res\file_view.ico">
      <Filter>Resource Files</Filter>
    </Image>
    <Image Include="res\file_view_hc.ico">
      <Filter>Resource Files</Filter>
    </Image>
    <Image Include="res\class_view.ico">
      <Filter>Resource Files</Filter>
    </Image>
    <Image Include="res\class_view_hc.ico">
      <Filter>Resource Files</Filter>
    </Image>
    <Image Include="res\fileview.bmp">
      <Filter>Resource Files</Filter>
    </Image>
    <Image Include="res\fileview_hc.bmp">
      <Filter>Resource Files</Filter>
    </Image>
    <Image Include="res\classview.bmp">
      <Filter>Resource Files</Filter>
    </Image>
    <Image Include="res\classview_hc.bmp">
      <Filter>Resource Files</Filter>
    </Image>
    <Image Include="res\explorer.bmp">
      <Filter>Resource Files</Filter>
    </Image>
    <Image Include="res\explorer_hc.bmp">
      <Filter>Resource Files</Filter>
    </Image>
    <Image Include="res\sort.bmp">
      <Filter>Resource Files</Filter>
    </Image>
    <Image Include="res\sort_hc.bmp">
      <Filter>Resource Files</Filter>
    </Image>
    <Image Include="res\menuimages.bmp">
      <Filter>Resource Files</Filter>
    </Image>
    <Image Include="res\menuimages_hc.bmp">
      <Filter>Resource Files</Filter>
    </Image>
    <Image Include="res\output_wnd.ico">
      <Filter>Resource Files</Filter>
    </Image>
    <Image Include="res\output_wnd_hc.ico">
      <Filter>Resource Files</Filter>
    </Image>
    <Image Include="res\properties_wnd.ico">
      <Filter>Resource Files</Filter>
    </Image>
    <Image Include="res\properties_wnd_hc.ico">
      <Filter>Resource Files</Filter>
    </Image>
    <Image Include="res\properties.bmp">
      <Filter>Resource Files</Filter>
    </Image>
    <Image Include="res\properties_hc.bmp">
      <Filter>Resource Files</Filter>
    </Image>
    <Image Include="res\userimages.bmp">
      <Filter>Resource Files</Filter>
    </Image>
    <Image Include="res\ExpenseManagerSQLiteDoc.ico">
      <Filter>Resource Files</Filter>
    </Image>
    <Image Include="res\ExpenseManagerSQLite.ico">
      <Filter>Resource Files</Filter>
    </Image>
    <Image Include="res\Toolbar.bmp">
      <Filter>Resource Files</Filter>
    </Image>
    <Image Include="res\Toolbar256.bmp">
      <Filter>Resource Files</Filter>
    </Image>
  </ItemGroup>
  <ItemGroup>
    <None Include="res\ExpenseManagerSQLite.rc2">
      <Filter>Resource Files</Filter>
    </None>
  </ItemGroup>
</Project>